// !$*UTF8*$!
{
	archiveVersion = 1;
	classes = {
	};
	objectVersion = 46;
	objects = {

/* Begin PBXBuildFile section */
		03A826AB1402F85500C5F200 /* Shader.fsh in Resources */ = {isa = PBXBuildFile; fileRef = 03DD222E13F34D7300146275 /* Shader.fsh */; };
		03A826AC1402F85500C5F200 /* Shader.vsh in Resources */ = {isa = PBXBuildFile; fileRef = 03DD222F13F34D7300146275 /* Shader.vsh */; };
		03DD21F013F343DB00146275 /* UIKit.framework in Frameworks */ = {isa = PBXBuildFile; fileRef = 03DD21EF13F343DB00146275 /* UIKit.framework */; };
		03DD21F213F343DB00146275 /* Foundation.framework in Frameworks */ = {isa = PBXBuildFile; fileRef = 03DD21F113F343DB00146275 /* Foundation.framework */; };
		03DD21F813F343DB00146275 /* InfoPlist.strings in Resources */ = {isa = PBXBuildFile; fileRef = 03DD21F613F343DB00146275 /* InfoPlist.strings */; };
		03DD21FA13F343DB00146275 /* main.m in Sources */ = {isa = PBXBuildFile; fileRef = 03DD21F913F343DB00146275 /* main.m */; };
		03DD21FE13F343DB00146275 /* OpenGLES_Ch3_6AppDelegate.m in Sources */ = {isa = PBXBuildFile; fileRef = 03DD21FD13F343DB00146275 /* OpenGLES_Ch3_6AppDelegate.m */; };
		03DD220113F343DB00146275 /* MainStoryboard_iPhone.storyboard in Resources */ = {isa = PBXBuildFile; fileRef = 03DD21FF13F343DB00146275 /* MainStoryboard_iPhone.storyboard */; };
		03DD220413F343DB00146275 /* MainStoryboard_iPad.storyboard in Resources */ = {isa = PBXBuildFile; fileRef = 03DD220213F343DB00146275 /* MainStoryboard_iPad.storyboard */; };
		03DD220713F343DB00146275 /* OpenGLES_Ch3_6ViewController.m in Sources */ = {isa = PBXBuildFile; fileRef = 03DD220613F343DB00146275 /* OpenGLES_Ch3_6ViewController.m */; };
		03DD221613F3444700146275 /* leaves.gif in Resources */ = {isa = PBXBuildFile; fileRef = 03DD221413F3444700146275 /* leaves.gif */; };
		03DD222013F3489A00146275 /* OpenGLES.framework in Frameworks */ = {isa = PBXBuildFile; fileRef = 03DD221D13F3489A00146275 /* OpenGLES.framework */; };
		03DD222113F3489A00146275 /* QuartzCore.framework in Frameworks */ = {isa = PBXBuildFile; fileRef = 03DD221E13F3489A00146275 /* QuartzCore.framework */; };
		03DD222213F3489A00146275 /* GLKit.framework in Frameworks */ = {isa = PBXBuildFile; fileRef = 03DD221F13F3489A00146275 /* GLKit.framework */; };
		BB569F4B1D017435001154E5 /* AGLKContext.m in Sources */ = {isa = PBXBuildFile; fileRef = BB569F481D017435001154E5 /* AGLKContext.m */; };
		BB569F4C1D017435001154E5 /* AGLKVertexAttribArrayBuffer.m in Sources */ = {isa = PBXBuildFile; fileRef = BB569F4A1D017435001154E5 /* AGLKVertexAttribArrayBuffer.m */; };
		BB569F521D017449001154E5 /* beetle.png in Resources */ = {isa = PBXBuildFile; fileRef = BB569F4D1D017449001154E5 /* beetle.png */; };
		BB569F531D017449001154E5 /* Default-568h@2x.png in Resources */ = {isa = PBXBuildFile; fileRef = BB569F4E1D017449001154E5 /* Default-568h@2x.png */; };
		BB569F541D017449001154E5 /* OpenGL_ES_for_iOS_57x57.png in Resources */ = {isa = PBXBuildFile; fileRef = BB569F4F1D017449001154E5 /* OpenGL_ES_for_iOS_57x57.png */; };
		BB569F551D017449001154E5 /* OpenGL_ES_for_iOS_72x72.png in Resources */ = {isa = PBXBuildFile; fileRef = BB569F501D017449001154E5 /* OpenGL_ES_for_iOS_72x72.png */; };
		BB569F561D017449001154E5 /* OpenGL_ES_for_iOS_114x114.png in Resources */ = {isa = PBXBuildFile; fileRef = BB569F511D017449001154E5 /* OpenGL_ES_for_iOS_114x114.png */; };
		BB569F581D017690001154E5 /* webresources-select.png in Resources */ = {isa = PBXBuildFile; fileRef = BB569F571D017690001154E5 /* webresources-select.png */; };
/* End PBXBuildFile section */

/* Begin PBXFileReference section */
		03DD21EB13F343DB00146275 /* OpenGLES_Ch3_6.app */ = {isa = PBXFileReference; explicitFileType = wrapper.application; includeInIndex = 0; path = OpenGLES_Ch3_6.app; sourceTree = BUILT_PRODUCTS_DIR; };
		03DD21EF13F343DB00146275 /* UIKit.framework */ = {isa = PBXFileReference; lastKnownFileType = wrapper.framework; name = UIKit.framework; path = System/Library/Frameworks/UIKit.framework; sourceTree = SDKROOT; };
		03DD21F113F343DB00146275 /* Foundation.framework */ = {isa = PBXFileReference; lastKnownFileType = wrapper.framework; name = Foundation.framework; path = System/Library/Frameworks/Foundation.framework; sourceTree = SDKROOT; };
		03DD21F513F343DB00146275 /* OpenGLES_Ch3_6-Info.plist */ = {isa = PBXFileReference; lastKnownFileType = text.plist.xml; path = "OpenGLES_Ch3_6-Info.plist"; sourceTree = "<group>"; };
		03DD21F713F343DB00146275 /* en */ = {isa = PBXFileReference; lastKnownFileType = text.plist.strings; name = en; path = en.lproj/InfoPlist.strings; sourceTree = "<group>"; };
		03DD21F913F343DB00146275 /* main.m */ = {isa = PBXFileReference; lastKnownFileType = sourcecode.c.objc; path = main.m; sourceTree = "<group>"; };
		03DD21FB13F343DB00146275 /* OpenGLES_Ch3_6-Prefix.pch */ = {isa = PBXFileReference; lastKnownFileType = sourcecode.c.h; path = "OpenGLES_Ch3_6-Prefix.pch"; sourceTree = "<group>"; };
		03DD21FC13F343DB00146275 /* OpenGLES_Ch3_6AppDelegate.h */ = {isa = PBXFileReference; lastKnownFileType = sourcecode.c.h; path = OpenGLES_Ch3_6AppDelegate.h; sourceTree = "<group>"; };
		03DD21FD13F343DB00146275 /* OpenGLES_Ch3_6AppDelegate.m */ = {isa = PBXFileReference; lastKnownFileType = sourcecode.c.objc; path = OpenGLES_Ch3_6AppDelegate.m; sourceTree = "<group>"; };
		03DD220013F343DB00146275 /* en */ = {isa = PBXFileReference; lastKnownFileType = file.storyboard; name = en; path = en.lproj/MainStoryboard_iPhone.storyboard; sourceTree = "<group>"; };
		03DD220313F343DB00146275 /* en */ = {isa = PBXFileReference; lastKnownFileType = file.storyboard; name = en; path = en.lproj/MainStoryboard_iPad.storyboard; sourceTree = "<group>"; };
		03DD220513F343DB00146275 /* OpenGLES_Ch3_6ViewController.h */ = {isa = PBXFileReference; lastKnownFileType = sourcecode.c.h; path = OpenGLES_Ch3_6ViewController.h; sourceTree = "<group>"; };
		03DD220613F343DB00146275 /* OpenGLES_Ch3_6ViewController.m */ = {isa = PBXFileReference; lastKnownFileType = sourcecode.c.objc; path = OpenGLES_Ch3_6ViewController.m; sourceTree = "<group>"; };
		03DD221413F3444700146275 /* leaves.gif */ = {isa = PBXFileReference; lastKnownFileType = image.gif; path = leaves.gif; sourceTree = "<group>"; };
		03DD221D13F3489A00146275 /* OpenGLES.framework */ = {isa = PBXFileReference; lastKnownFileType = wrapper.framework; name = OpenGLES.framework; path = System/Library/Frameworks/OpenGLES.framework; sourceTree = SDKROOT; };
		03DD221E13F3489A00146275 /* QuartzCore.framework */ = {isa = PBXFileReference; lastKnownFileType = wrapper.framework; name = QuartzCore.framework; path = System/Library/Frameworks/QuartzCore.framework; sourceTree = SDKROOT; };
		03DD221F13F3489A00146275 /* GLKit.framework */ = {isa = PBXFileReference; lastKnownFileType = wrapper.framework; name = GLKit.framework; path = System/Library/Frameworks/GLKit.framework; sourceTree = SDKROOT; };
		03DD222E13F34D7300146275 /* Shader.fsh */ = {isa = PBXFileReference; fileEncoding = 4; lastKnownFileType = sourcecode.glsl; path = Shader.fsh; sourceTree = "<group>"; };
		03DD222F13F34D7300146275 /* Shader.vsh */ = {isa = PBXFileReference; fileEncoding = 4; lastKnownFileType = sourcecode.glsl; path = Shader.vsh; sourceTree = "<group>"; };
		BB569F471D017435001154E5 /* AGLKContext.h */ = {isa = PBXFileReference; fileEncoding = 4; lastKnownFileType = sourcecode.c.h; path = AGLKContext.h; sourceTree = "<group>"; };
		BB569F481D017435001154E5 /* AGLKContext.m */ = {isa = PBXFileReference; fileEncoding = 4; lastKnownFileType = sourcecode.c.objc; path = AGLKContext.m; sourceTree = "<group>"; };
		BB569F491D017435001154E5 /* AGLKVertexAttribArrayBuffer.h */ = {isa = PBXFileReference; fileEncoding = 4; lastKnownFileType = sourcecode.c.h; path = AGLKVertexAttribArrayBuffer.h; sourceTree = "<group>"; };
		BB569F4A1D017435001154E5 /* AGLKVertexAttribArrayBuffer.m */ = {isa = PBXFileReference; fileEncoding = 4; lastKnownFileType = sourcecode.c.objc; path = AGLKVertexAttribArrayBuffer.m; sourceTree = "<group>"; };
		BB569F4D1D017449001154E5 /* beetle.png */ = {isa = PBXFileReference; lastKnownFileType = image.png; path = beetle.png; sourceTree = "<group>"; };
		BB569F4E1D017449001154E5 /* Default-568h@2x.png */ = {isa = PBXFileReference; lastKnownFileType = image.png; path = "Default-568h@2x.png"; sourceTree = "<group>"; };
		BB569F4F1D017449001154E5 /* OpenGL_ES_for_iOS_57x57.png */ = {isa = PBXFileReference; lastKnownFileType = image.png; path = OpenGL_ES_for_iOS_57x57.png; sourceTree = "<group>"; };
		BB569F501D017449001154E5 /* OpenGL_ES_for_iOS_72x72.png */ = {isa = PBXFileReference; lastKnownFileType = image.png; path = OpenGL_ES_for_iOS_72x72.png; sourceTree = "<group>"; };
		BB569F511D017449001154E5 /* OpenGL_ES_for_iOS_114x114.png */ = {isa = PBXFileReference; lastKnownFileType = image.png; path = OpenGL_ES_for_iOS_114x114.png; sourceTree = "<group>"; };
		BB569F571D017690001154E5 /* webresources-select.png */ = {isa = PBXFileReference; lastKnownFileType = image.png; path = "webresources-select.png"; sourceTree = "<group>"; };
/* End PBXFileReference section */

/* Begin PBXFrameworksBuildPhase section */
		03DD21E813F343DB00146275 /* Frameworks */ = {
			isa = PBXFrameworksBuildPhase;
			buildActionMask = 2147483647;
			files = (
				03DD21F013F343DB00146275 /* UIKit.framework in Frameworks */,
				03DD21F213F343DB00146275 /* Foundation.framework in Frameworks */,
				03DD222013F3489A00146275 /* OpenGLES.framework in Frameworks */,
				03DD222113F3489A00146275 /* QuartzCore.framework in Frameworks */,
				03DD222213F3489A00146275 /* GLKit.framework in Frameworks */,
			);
			runOnlyForDeploymentPostprocessing = 0;
		};
/* End PBXFrameworksBuildPhase section */

/* Begin PBXGroup section */
		03DD21E013F343DB00146275 = {
			isa = PBXGroup;
			children = (
				03DD21F313F343DB00146275 /* OpenGLES_Ch3_6 */,
				03DD21EE13F343DB00146275 /* Frameworks */,
				03DD21EC13F343DB00146275 /* Products */,
			);
			sourceTree = "<group>";
		};
		03DD21EC13F343DB00146275 /* Products */ = {
			isa = PBXGroup;
			children = (
				03DD21EB13F343DB00146275 /* OpenGLES_Ch3_6.app */,
			);
			name = Products;
			sourceTree = "<group>";
		};
		03DD21EE13F343DB00146275 /* Frameworks */ = {
			isa = PBXGroup;
			children = (
				03DD221D13F3489A00146275 /* OpenGLES.framework */,
				03DD221E13F3489A00146275 /* QuartzCore.framework */,
				03DD221F13F3489A00146275 /* GLKit.framework */,
				03DD21EF13F343DB00146275 /* UIKit.framework */,
				03DD21F113F343DB00146275 /* Foundation.framework */,
			);
			name = Frameworks;
			sourceTree = "<group>";
		};
		03DD21F313F343DB00146275 /* OpenGLES_Ch3_6 */ = {
			isa = PBXGroup;
			children = (
				BB569F471D017435001154E5 /* AGLKContext.h */,
				BB569F481D017435001154E5 /* AGLKContext.m */,
				BB569F491D017435001154E5 /* AGLKVertexAttribArrayBuffer.h */,
				BB569F4A1D017435001154E5 /* AGLKVertexAttribArrayBuffer.m */,
				03DD220513F343DB00146275 /* OpenGLES_Ch3_6ViewController.h */,
				03DD220613F343DB00146275 /* OpenGLES_Ch3_6ViewController.m */,
				03DD222D13F34D7300146275 /* Shaders */,
				03DD21F413F343DB00146275 /* Supporting Files */,
			);
			path = OpenGLES_Ch3_6;
			sourceTree = "<group>";
		};
		03DD21F413F343DB00146275 /* Supporting Files */ = {
			isa = PBXGroup;
			children = (
				03DD21FC13F343DB00146275 /* OpenGLES_Ch3_6AppDelegate.h */,
				03DD21FD13F343DB00146275 /* OpenGLES_Ch3_6AppDelegate.m */,
				03DD21FF13F343DB00146275 /* MainStoryboard_iPhone.storyboard */,
				03DD220213F343DB00146275 /* MainStoryboard_iPad.storyboard */,
				BB569F571D017690001154E5 /* webresources-select.png */,
				BB569F4D1D017449001154E5 /* beetle.png */,
				BB569F4E1D017449001154E5 /* Default-568h@2x.png */,
				BB569F4F1D017449001154E5 /* OpenGL_ES_for_iOS_57x57.png */,
				BB569F501D017449001154E5 /* OpenGL_ES_for_iOS_72x72.png */,
				BB569F511D017449001154E5 /* OpenGL_ES_for_iOS_114x114.png */,
				03DD221413F3444700146275 /* leaves.gif */,
				03DD21F513F343DB00146275 /* OpenGLES_Ch3_6-Info.plist */,
				03DD21F613F343DB00146275 /* InfoPlist.strings */,
				03DD21F913F343DB00146275 /* main.m */,
				03DD21FB13F343DB00146275 /* OpenGLES_Ch3_6-Prefix.pch */,
			);
			name = "Supporting Files";
			sourceTree = "<group>";
		};
		03DD222D13F34D7300146275 /* Shaders */ = {
			isa = PBXGroup;
			children = (
				03DD222E13F34D7300146275 /* Shader.fsh */,
				03DD222F13F34D7300146275 /* Shader.vsh */,
			);
			path = Shaders;
			sourceTree = "<group>";
		};
/* End PBXGroup section */

/* Begin PBXNativeTarget section */
		03DD21EA13F343DB00146275 /* OpenGLES_Ch3_6 */ = {
			isa = PBXNativeTarget;
			buildConfigurationList = 03DD220A13F343DB00146275 /* Build configuration list for PBXNativeTarget "OpenGLES_Ch3_6" */;
			buildPhases = (
				03DD21E713F343DB00146275 /* Sources */,
				03DD21E813F343DB00146275 /* Frameworks */,
				03DD21E913F343DB00146275 /* Resources */,
			);
			buildRules = (
			);
			dependencies = (
			);
			name = OpenGLES_Ch3_6;
			productName = OpenGLES_Ch3_6;
			productReference = 03DD21EB13F343DB00146275 /* OpenGLES_Ch3_6.app */;
			productType = "com.apple.product-type.application";
		};
/* End PBXNativeTarget section */

/* Begin PBXProject section */
		03DD21E213F343DB00146275 /* Project object */ = {
			isa = PBXProject;
			attributes = {
				LastUpgradeCheck = 0610;
				TargetAttributes = {
					03DD21EA13F343DB00146275 = {
						DevelopmentTeam = KP4EV5KXB5;
					};
				};
			};
			buildConfigurationList = 03DD21E513F343DB00146275 /* Build configuration list for PBXProject "OpenGLES_Ch3_6" */;
			compatibilityVersion = "Xcode 3.2";
			developmentRegion = English;
			hasScannedForEncodings = 0;
			knownRegions = (
				en,
			);
			mainGroup = 03DD21E013F343DB00146275;
			productRefGroup = 03DD21EC13F343DB00146275 /* Products */;
			projectDirPath = "";
			projectRoot = "";
			targets = (
				03DD21EA13F343DB00146275 /* OpenGLES_Ch3_6 */,
			);
		};
/* End PBXProject section */

/* Begin PBXResourcesBuildPhase section */
		03DD21E913F343DB00146275 /* Resources */ = {
			isa = PBXResourcesBuildPhase;
			buildActionMask = 2147483647;
			files = (
				03A826AB1402F85500C5F200 /* Shader.fsh in Resources */,
				BB569F541D017449001154E5 /* OpenGL_ES_for_iOS_57x57.png in Resources */,
				03A826AC1402F85500C5F200 /* Shader.vsh in Resources */,
				03DD21F813F343DB00146275 /* InfoPlist.strings in Resources */,
				03DD220113F343DB00146275 /* MainStoryboard_iPhone.storyboard in Resources */,
				03DD220413F343DB00146275 /* MainStoryboard_iPad.storyboard in Resources */,
				03DD221613F3444700146275 /* leaves.gif in Resources */,
				BB569F521D017449001154E5 /* beetle.png in Resources */,
				BB569F581D017690001154E5 /* webresources-select.png in Resources */,
				BB569F531D017449001154E5 /* Default-568h@2x.png in Resources */,
				BB569F551D017449001154E5 /* OpenGL_ES_for_iOS_72x72.png in Resources */,
				BB569F561D017449001154E5 /* OpenGL_ES_for_iOS_114x114.png in Resources */,
			);
			runOnlyForDeploymentPostprocessing = 0;
		};
/* End PBXResourcesBuildPhase section */

/* Begin PBXSourcesBuildPhase section */
		03DD21E713F343DB00146275 /* Sources */ = {
			isa = PBXSourcesBuildPhase;
			buildActionMask = 2147483647;
			files = (
				03DD21FA13F343DB00146275 /* main.m in Sources */,
				03DD21FE13F343DB00146275 /* OpenGLES_Ch3_6AppDelegate.m in Sources */,
				03DD220713F343DB00146275 /* OpenGLES_Ch3_6ViewController.m in Sources */,
				BB569F4B1D017435001154E5 /* AGLKContext.m in Sources */,
				BB569F4C1D017435001154E5 /* AGLKVertexAttribArrayBuffer.m in Sources */,
			);
			runOnlyForDeploymentPostprocessing = 0;
		};
/* End PBXSourcesBuildPhase section */

/* Begin PBXVariantGroup section */
		03DD21F613F343DB00146275 /* InfoPlist.strings */ = {
			isa = PBXVariantGroup;
			children = (
				03DD21F713F343DB00146275 /* en */,
			);
			name = InfoPlist.strings;
			sourceTree = "<group>";
		};
		03DD21FF13F343DB00146275 /* MainStoryboard_iPhone.storyboard */ = {
			isa = PBXVariantGroup;
			children = (
				03DD220013F343DB00146275 /* en */,
			);
			name = MainStoryboard_iPhone.storyboard;
			sourceTree = "<group>";
		};
		03DD220213F343DB00146275 /* MainStoryboard_iPad.storyboard */ = {
			isa = PBXVariantGroup;
			children = (
				03DD220313F343DB00146275 /* en */,
			);
			name = MainStoryboard_iPad.storyboard;
			sourceTree = "<group>";
		};
/* End PBXVariantGroup section */

/* Begin XCBuildConfiguration section */
		03DD220813F343DB00146275 /* Debug */ = {
			isa = XCBuildConfiguration;
			buildSettings = {
				ALWAYS_SEARCH_USER_PATHS = NO;
				CLANG_ENABLE_OBJC_ARC = YES;
				CLANG_WARN_BOOL_CONVERSION = YES;
				CLANG_WARN_CONSTANT_CONVERSION = YES;
				CLANG_WARN_EMPTY_BODY = YES;
				CLANG_WARN_ENUM_CONVERSION = YES;
				CLANG_WARN_INT_CONVERSION = YES;
				CLANG_WARN_UNREACHABLE_CODE = YES;
				CLANG_WARN__DUPLICATE_METHOD_MATCH = YES;
				"CODE_SIGN_IDENTITY[sdk=iphoneos*]" = "iPhone Developer";
				COPY_PHASE_STRIP = NO;
				ENABLE_STRICT_OBJC_MSGSEND = YES;
				GCC_C_LANGUAGE_STANDARD = gnu99;
				GCC_DYNAMIC_NO_PIC = NO;
				GCC_OPTIMIZATION_LEVEL = 0;
				GCC_PREPROCESSOR_DEFINITIONS = (
					"DEBUG=1",
					"$(inherited)",
				);
				GCC_SYMBOLS_PRIVATE_EXTERN = NO;
				GCC_VERSION = com.apple.compilers.llvm.clang.1_0;
				GCC_WARN_64_TO_32_BIT_CONVERSION = YES;
				GCC_WARN_ABOUT_MISSING_PROTOTYPES = YES;
				GCC_WARN_ABOUT_RETURN_TYPE = YES;
				GCC_WARN_UNDECLARED_SELECTOR = YES;
				GCC_WARN_UNINITIALIZED_AUTOS = YES;
				GCC_WARN_UNUSED_FUNCTION = YES;
				GCC_WARN_UNUSED_VARIABLE = YES;
				IPHONEOS_DEPLOYMENT_TARGET = 5.0;
				ONLY_ACTIVE_ARCH = YES;
				SDKROOT = iphoneos;
				TARGETED_DEVICE_FAMILY = "1,2";
			};
			name = Debug;
		};
		03DD220913F343DB00146275 /* Release */ = {
			isa = XCBuildConfiguration;
			buildSettings = {
				ALWAYS_SEARCH_USER_PATHS = NO;
				CLANG_ENABLE_OBJC_ARC = YES;
				CLANG_WARN_BOOL_CONVERSION = YES;
				CLANG_WARN_CONSTANT_CONVERSION = YES;
				CLANG_WARN_EMPTY_BODY = YES;
				CLANG_WARN_ENUM_CONVERSION = YES;
				CLANG_WARN_INT_CONVERSION = YES;
				CLANG_WARN_UNREACHABLE_CODE = YES;
				CLANG_WARN__DUPLICATE_METHOD_MATCH = YES;
				"CODE_SIGN_IDENTITY[sdk=iphoneos*]" = "iPhone Developer";
				COPY_PHASE_STRIP = YES;
				ENABLE_STRICT_OBJC_MSGSEND = YES;
				GCC_C_LANGUAGE_STANDARD = gnu99;
				GCC_VERSION = com.apple.compilers.llvm.clang.1_0;
				GCC_WARN_64_TO_32_BIT_CONVERSION = YES;
				GCC_WARN_ABOUT_MISSING_PROTOTYPES = YES;
				GCC_WARN_ABOUT_RETURN_TYPE = YES;
				GCC_WARN_UNDECLARED_SELECTOR = YES;
				GCC_WARN_UNINITIALIZED_AUTOS = YES;
				GCC_WARN_UNUSED_FUNCTION = YES;
				GCC_WARN_UNUSED_VARIABLE = YES;
				IPHONEOS_DEPLOYMENT_TARGET = 5.0;
				OTHER_CFLAGS = "-DNS_BLOCK_ASSERTIONS=1";
				SDKROOT = iphoneos;
				TARGETED_DEVICE_FAMILY = "1,2";
				VALIDATE_PRODUCT = YES;
			};
			name = Release;
		};
		03DD220B13F343DB00146275 /* Debug */ = {
			isa = XCBuildConfiguration;
			buildSettings = {
				CODE_SIGN_IDENTITY = "iPhone Developer";
				"CODE_SIGN_IDENTITY[sdk=iphoneos*]" = "iPhone Developer";
				GCC_PRECOMPILE_PREFIX_HEADER = YES;
				GCC_PREFIX_HEADER = "OpenGLES_Ch3_6/OpenGLES_Ch3_6-Prefix.pch";
				INFOPLIST_FILE = "OpenGLES_Ch3_6/OpenGLES_Ch3_6-Info.plist";
				IPHONEOS_DEPLOYMENT_TARGET = 6.0;
				PRODUCT_BUNDLE_IDENTIFIER = "LZH.OpenGLES-Ch3-6";
				PRODUCT_NAME = "$(TARGET_NAME)";
				PROVISIONING_PROFILE = "";
				WRAPPER_EXTENSION = app;
			};
			name = Debug;
		};
		03DD220C13F343DB00146275 /* Release */ = {
			isa = XCBuildConfiguration;
			buildSettings = {
				CODE_SIGN_IDENTITY = "iPhone Developer";
				"CODE_SIGN_IDENTITY[sdk=iphoneos*]" = "iPhone Developer";
				GCC_PRECOMPILE_PREFIX_HEADER = YES;
				GCC_PREFIX_HEADER = "OpenGLES_Ch3_6/OpenGLES_Ch3_6-Prefix.pch";
				INFOPLIST_FILE = "OpenGLES_Ch3_6/OpenGLES_Ch3_6-Info.plist";
				IPHONEOS_DEPLOYMENT_TARGET = 6.0;
				PRODUCT_BUNDLE_IDENTIFIER = "LZH.OpenGLES-Ch3-6";
				PRODUCT_NAME = "$(TARGET_NAME)";
				PROVISIONING_PROFILE = "";
				WRAPPER_EXTENSION = app;
			};
			name = Release;
		};
/* End XCBuildConfiguration section */

/* Begin XCConfigurationList section */
		03DD21E513F343DB00146275 /* Build configuration list for PBXProject "OpenGLES_Ch3_6" */ = {
			isa = XCConfigurationList;
			buildConfigurations = (
				03DD220813F343DB00146275 /* Debug */,
				03DD220913F343DB00146275 /* Release */,
			);
			defaultConfigurationIsVisible = 0;
			defaultConfigurationName = Release;
		};
		03DD220A13F343DB00146275 /* Build configuration list for PBXNativeTarget "OpenGLES_Ch3_6" */ = {
			isa = XCConfigurationList;
			buildConfigurations = (
				03DD220B13F343DB00146275 /* Debug */,
				03DD220C13F343DB00146275 /* Release */,
			);
			defaultConfigurationIsVisible = 0;
			defaultConfigurationName = Release;
		};
/* End XCConfigurationList section */
	};
	rootObject = 03DD21E213F343DB00146275 /* Project object */;
}
